<?xml version="1.0" encoding="utf-8"?>
<Project ToolsVersion="4.0" xmlns="http://schemas.microsoft.com/developer/msbuild/2003">
  <ItemGroup>
    <Filter Include="Fichiers sources">
      <UniqueIdentifier>{4FC737F1-C7A5-4376-A066-2A32D752A2FF}</UniqueIdentifier>
      <Extensions>cpp;c;cc;cxx;def;odl;idl;hpj;bat;asm;asmx</Extensions>
    </Filter>
    <Filter Include="Fichiers d%27en-tête">
      <UniqueIdentifier>{93995380-89BD-4b04-88EB-625FBE52EBFB}</UniqueIdentifier>
      <Extensions>h;hh;hpp;hxx;hm;inl;inc;xsd</Extensions>
    </Filter>
    <Filter Include="Fichiers de ressources">
      <UniqueIdentifier>{67DA6AB6-F800-4c08-8B7A-83BB121AAD01}</UniqueIdentifier>
      <Extensions>rc;ico;cur;bmp;dlg;rc2;rct;bin;rgs;gif;jpg;jpeg;jpe;resx;tiff;tif;png;wav;mfcribbon-ms</Extensions>
    </Filter>
  </ItemGroup>
  <ItemGroup>
    <ClInclude Include="..\TP5Code\Cube.h">
      <Filter>Fichiers d%27en-tête</Filter>
    </ClInclude>
    <ClInclude Include="..\TP5Code\Cylinder.h">
      <Filter>Fichiers d%27en-tête</Filter>
    </ClInclude>
    <ClInclude Include="..\TP5Code\Point3D.h">
      <Filter>Fichiers d%27en-tête</Filter>
    </ClInclude>
    <ClInclude Include="..\TP5Code\PrimitiveAbs.h">
      <Filter>Fichiers d%27en-tête</Filter>
    </ClInclude>
    <ClInclude Include="..\TP5Code\Sphere.h">
      <Filter>Fichiers d%27en-tête</Filter>
    </ClInclude>
    <ClInclude Include="..\TP5Code\TP5_Test.h">
      <Filter>Fichiers d%27en-tête</Filter>
    </ClInclude>
    <ClInclude Include="..\TP5Code\Object3DAbs.h">
      <Filter>Fichiers d%27en-tête</Filter>
    </ClInclude>
    <ClInclude Include="..\TP5Code\Object3DComposite.h">
      <Filter>Fichiers d%27en-tête</Filter>
    </ClInclude>
    <ClInclude Include="..\TP5Code\Object3DContainer.h">
      <Filter>Fichiers d%27en-tête</Filter>
    </ClInclude>
    <ClInclude Include="..\TP5Code\TransformedObject3D.h">
      <Filter>Fichiers d%27en-tête</Filter>
    </ClInclude>
    <ClInclude Include="..\TP5Code\Object3DVisitorAbs.h">
      <Filter>Fichiers d%27en-tête</Filter>
    </ClInclude>
    <ClInclude Include="..\TP5Code\VisitorXMLWriter.h">
      <Filter>Fichiers d%27en-tête</Filter>
    </ClInclude>
    <ClInclude Include="..\TP5Code\VisitorPrimitiveSelector.h">
      <Filter>Fichiers d%27en-tête</Filter>
    </ClInclude>
    <ClInclude Include="..\TP5Code\CommandAbs.h">
      <Filter>Fichiers d%27en-tête</Filter>
    </ClInclude>
    <ClInclude Include="..\TP5Code\Invoker.h">
      <Filter>Fichiers d%27en-tête</Filter>
    </ClInclude>
    <ClInclude Include="..\TP5Code\XMLPrintCmd.h">
      <Filter>Fichiers d%27en-tête</Filter>
    </ClInclude>
    <ClInclude Include="..\TP5Code\SelectPrimitiveCmd.h">
      <Filter>Fichiers d%27en-tête</Filter>
    </ClInclude>
    <ClInclude Include="..\TP5Code\PrimitiveType.h">
      <Filter>Fichiers d%27en-tête</Filter>
    </ClInclude>
    <ClInclude Include="..\TP5Code\TransformCmd.h">
      <Filter>Fichiers d%27en-tête</Filter>
    </ClInclude>
  </ItemGroup>
  <ItemGroup>
    <ClCompile Include="..\TP5Code\Cube.cpp">
      <Filter>Fichiers sources</Filter>
    </ClCompile>
    <ClCompile Include="..\TP5Code\Cylinder.cpp">
      <Filter>Fichiers sources</Filter>
    </ClCompile>
    <ClCompile Include="..\TP5Code\PrimitiveAbs.cpp">
      <Filter>Fichiers sources</Filter>
    </ClCompile>
    <ClCompile Include="..\TP5Code\Sphere.cpp">
      <Filter>Fichiers sources</Filter>
    </ClCompile>
    <ClCompile Include="..\TP5Code\Point3D.cpp">
      <Filter>Fichiers sources</Filter>
    </ClCompile>
    <ClCompile Include="..\TP5Code\PolyIcone3D.cpp">
      <Filter>Fichiers sources</Filter>
    </ClCompile>
    <ClCompile Include="..\TP5Code\TP5_Test.cpp">
      <Filter>Fichiers sources</Filter>
    </ClCompile>
    <ClCompile Include="..\TP5Code\Object3DComposite.cpp">
      <Filter>Fichiers sources</Filter>
    </ClCompile>
    <ClCompile Include="..\TP5Code\TransformedObject3D.cpp">
      <Filter>Fichiers sources</Filter>
    </ClCompile>
    <ClCompile Include="..\TP5Code\VisitorXMLWriter.cpp">
      <Filter>Fichiers sources</Filter>
    </ClCompile>
    <ClCompile Include="..\TP5Code\VisitorPrimitiveSelector.cpp">
      <Filter>Fichiers sources</Filter>
    </ClCompile>
    <ClCompile Include="..\TP5Code\Object3DVisitorAbs.cpp">
      <Filter>Fichiers sources</Filter>
    </ClCompile>
    <ClCompile Include="..\TP5Code\XMLPrintCmd.cpp">
      <Filter>Fichiers sources</Filter>
    </ClCompile>
    <ClCompile Include="..\TP5Code\Invoker.cpp">
      <Filter>Fichiers sources</Filter>
    </ClCompile>
    <ClCompile Include="..\TP5Code\SelectPrimitiveCmd.cpp">
      <Filter>Fichiers sources</Filter>
    </ClCompile>
    <ClCompile Include="..\TP5Code\TransformCmd.cpp">
      <Filter>Fichiers sources</Filter>
    </ClCompile>
  </ItemGroup>
</Project>